// !$*UTF8*$!
{
	archiveVersion = 1;
	classes = {
	};
	objectVersion = 55;
	objects = {

/* Begin PBXBuildFile section */
		83F77D8727CF831D00C564C4 /* AppDelegate.swift in Sources */ = {isa = PBXBuildFile; fileRef = 83F77D8627CF831D00C564C4 /* AppDelegate.swift */; };
		83F77D8927CF831D00C564C4 /* SceneDelegate.swift in Sources */ = {isa = PBXBuildFile; fileRef = 83F77D8827CF831D00C564C4 /* SceneDelegate.swift */; };
		83F77D8B27CF831D00C564C4 /* ViewController.swift in Sources */ = {isa = PBXBuildFile; fileRef = 83F77D8A27CF831D00C564C4 /* ViewController.swift */; };
		83F77D8E27CF831D00C564C4 /* Main.storyboard in Resources */ = {isa = PBXBuildFile; fileRef = 83F77D8C27CF831D00C564C4 /* Main.storyboard */; };
		83F77D9027CF832200C564C4 /* Assets.xcassets in Resources */ = {isa = PBXBuildFile; fileRef = 83F77D8F27CF832200C564C4 /* Assets.xcassets */; };
		83F77D9327CF832200C564C4 /* LaunchScreen.storyboard in Resources */ = {isa = PBXBuildFile; fileRef = 83F77D9127CF832200C564C4 /* LaunchScreen.storyboard */; };
		83F77D9E27CF832200C564C4 /* ViperSnapKitTests.swift in Sources */ = {isa = PBXBuildFile; fileRef = 83F77D9D27CF832200C564C4 /* ViperSnapKitTests.swift */; };
		83F77DA827CF832200C564C4 /* ViperSnapKitUITests.swift in Sources */ = {isa = PBXBuildFile; fileRef = 83F77DA727CF832200C564C4 /* ViperSnapKitUITests.swift */; };
		83F77DAA27CF832200C564C4 /* ViperSnapKitUITestsLaunchTests.swift in Sources */ = {isa = PBXBuildFile; fileRef = 83F77DA927CF832200C564C4 /* ViperSnapKitUITestsLaunchTests.swift */; };
		83F77DBA27CF837D00C564C4 /* HomeView.swift in Sources */ = {isa = PBXBuildFile; fileRef = 83F77DB927CF837D00C564C4 /* HomeView.swift */; };
		83F77DBC27CF8BE900C564C4 /* HomeInteractor.swift in Sources */ = {isa = PBXBuildFile; fileRef = 83F77DBB27CF8BE900C564C4 /* HomeInteractor.swift */; };
		83F77DBE27CF8BF400C564C4 /* HomePresenter.swift in Sources */ = {isa = PBXBuildFile; fileRef = 83F77DBD27CF8BF400C564C4 /* HomePresenter.swift */; };
		83F77DC027CF8C0200C564C4 /* HomeEntity.swift in Sources */ = {isa = PBXBuildFile; fileRef = 83F77DBF27CF8C0200C564C4 /* HomeEntity.swift */; };
		83F77DC227CF8C0B00C564C4 /* HomeRouter.swift in Sources */ = {isa = PBXBuildFile; fileRef = 83F77DC127CF8C0B00C564C4 /* HomeRouter.swift */; };
		83F77DC427CF8C1400C564C4 /* HomeBuilder.swift in Sources */ = {isa = PBXBuildFile; fileRef = 83F77DC327CF8C1400C564C4 /* HomeBuilder.swift */; };
		83F77DC727CF907500C564C4 /* SnapKit in Frameworks */ = {isa = PBXBuildFile; productRef = 83F77DC627CF907500C564C4 /* SnapKit */; };
		83F77DD327CFA96D00C564C4 /* APIError.swift in Sources */ = {isa = PBXBuildFile; fileRef = 83F77DCA27CFA96D00C564C4 /* APIError.swift */; };
		83F77DD527CFA96D00C564C4 /* NetworkConstant.swift in Sources */ = {isa = PBXBuildFile; fileRef = 83F77DCE27CFA96D00C564C4 /* NetworkConstant.swift */; };
		83F77DD627CFA96D00C564C4 /* APIService.swift in Sources */ = {isa = PBXBuildFile; fileRef = 83F77DD027CFA96D00C564C4 /* APIService.swift */; };
		83F77E1427CFA9AD00C564C4 /* Constants.swift in Sources */ = {isa = PBXBuildFile; fileRef = 83F77DDB27CFA9AD00C564C4 /* Constants.swift */; };
		83F77E1627CFA9AD00C564C4 /* LoadingManager.swift in Sources */ = {isa = PBXBuildFile; fileRef = 83F77DE027CFA9AD00C564C4 /* LoadingManager.swift */; };
		83F77E1727CFA9AD00C564C4 /* Logger.swift in Sources */ = {isa = PBXBuildFile; fileRef = 83F77DE227CFA9AD00C564C4 /* Logger.swift */; };
		83F77E1827CFA9AD00C564C4 /* ValidationManager.swift in Sources */ = {isa = PBXBuildFile; fileRef = 83F77DE427CFA9AD00C564C4 /* ValidationManager.swift */; };
		83F77E1927CFA9AD00C564C4 /* Enums.swift in Sources */ = {isa = PBXBuildFile; fileRef = 83F77DE627CFA9AD00C564C4 /* Enums.swift */; };
		83F77E2027CFA9AE00C564C4 /* SceneDelegate-Extension.swift in Sources */ = {isa = PBXBuildFile; fileRef = 83F77DF527CFA9AD00C564C4 /* SceneDelegate-Extension.swift */; };
		83F77E2327CFA9AE00C564C4 /* Data-Extension.swift in Sources */ = {isa = PBXBuildFile; fileRef = 83F77DFB27CFA9AD00C564C4 /* Data-Extension.swift */; };
		83F77E2527CFA9AE00C564C4 /* BaseVC.swift in Sources */ = {isa = PBXBuildFile; fileRef = 83F77E0027CFA9AD00C564C4 /* BaseVC.swift */; };
		83F77E2727CFA9AE00C564C4 /* LoadingProtocol.swift in Sources */ = {isa = PBXBuildFile; fileRef = 83F77E0527CFA9AD00C564C4 /* LoadingProtocol.swift */; };
		83F77E2927CFA9AE00C564C4 /* NavbarProtocol.swift in Sources */ = {isa = PBXBuildFile; fileRef = 83F77E0927CFA9AD00C564C4 /* NavbarProtocol.swift */; };
		83F77E2B27CFA9AE00C564C4 /* LogProtocol.swift in Sources */ = {isa = PBXBuildFile; fileRef = 83F77E0D27CFA9AD00C564C4 /* LogProtocol.swift */; };
		83F77E2D27CFA9AE00C564C4 /* BaseProtocol.swift in Sources */ = {isa = PBXBuildFile; fileRef = 83F77E1127CFA9AD00C564C4 /* BaseProtocol.swift */; };
		83F77E3427CFB55C00C564C4 /* EpisodeCell.swift in Sources */ = {isa = PBXBuildFile; fileRef = 83F77E3327CFB55C00C564C4 /* EpisodeCell.swift */; };
		83F77E3727CFB8A000C564C4 /* UITableView-Extension.swift in Sources */ = {isa = PBXBuildFile; fileRef = 83F77E3627CFB8A000C564C4 /* UITableView-Extension.swift */; };
		83F77E4027CFBA3100C564C4 /* UIApplication-Extension.swift in Sources */ = {isa = PBXBuildFile; fileRef = 83F77E3F27CFBA3100C564C4 /* UIApplication-Extension.swift */; };
		83F77E4327CFBD8300C564C4 /* HomeDetailView.swift in Sources */ = {isa = PBXBuildFile; fileRef = 83F77E4227CFBD8300C564C4 /* HomeDetailView.swift */; };
		83F77E4527CFBDA100C564C4 /* HomeDetailInteractor.swift in Sources */ = {isa = PBXBuildFile; fileRef = 83F77E4427CFBDA100C564C4 /* HomeDetailInteractor.swift */; };
		83F77E4727CFBDAE00C564C4 /* HomeDetailPresenter.swift in Sources */ = {isa = PBXBuildFile; fileRef = 83F77E4627CFBDAE00C564C4 /* HomeDetailPresenter.swift */; };
		83F77E4927CFBDBC00C564C4 /* HomeDetailEntity.swift in Sources */ = {isa = PBXBuildFile; fileRef = 83F77E4827CFBDBC00C564C4 /* HomeDetailEntity.swift */; };
		83F77E4B27CFBDC600C564C4 /* HomeDetailRouter.swift in Sources */ = {isa = PBXBuildFile; fileRef = 83F77E4A27CFBDC600C564C4 /* HomeDetailRouter.swift */; };
		83F77E4D27CFBF5F00C564C4 /* HomeDetailBuilder.swift in Sources */ = {isa = PBXBuildFile; fileRef = 83F77E4C27CFBF5F00C564C4 /* HomeDetailBuilder.swift */; };
		83F77E5027CFBF8D00C564C4 /* BuilderProtocol.swift in Sources */ = {isa = PBXBuildFile; fileRef = 83F77E4F27CFBF8D00C564C4 /* BuilderProtocol.swift */; };
/* End PBXBuildFile section */

/* Begin PBXContainerItemProxy section */
		83F77D9A27CF832200C564C4 /* PBXContainerItemProxy */ = {
			isa = PBXContainerItemProxy;
			containerPortal = 83F77D7B27CF831D00C564C4 /* Project object */;
			proxyType = 1;
			remoteGlobalIDString = 83F77D8227CF831D00C564C4;
			remoteInfo = ViperSnapKit;
		};
		83F77DA427CF832200C564C4 /* PBXContainerItemProxy */ = {
			isa = PBXContainerItemProxy;
			containerPortal = 83F77D7B27CF831D00C564C4 /* Project object */;
			proxyType = 1;
			remoteGlobalIDString = 83F77D8227CF831D00C564C4;
			remoteInfo = ViperSnapKit;
		};
/* End PBXContainerItemProxy section */

/* Begin PBXFileReference section */
		83F77D8327CF831D00C564C4 /* ViperSnapKit.app */ = {isa = PBXFileReference; explicitFileType = wrapper.application; includeInIndex = 0; path = ViperSnapKit.app; sourceTree = BUILT_PRODUCTS_DIR; };
		83F77D8627CF831D00C564C4 /* AppDelegate.swift */ = {isa = PBXFileReference; lastKnownFileType = sourcecode.swift; path = AppDelegate.swift; sourceTree = "<group>"; };
		83F77D8827CF831D00C564C4 /* SceneDelegate.swift */ = {isa = PBXFileReference; lastKnownFileType = sourcecode.swift; path = SceneDelegate.swift; sourceTree = "<group>"; };
		83F77D8A27CF831D00C564C4 /* ViewController.swift */ = {isa = PBXFileReference; lastKnownFileType = sourcecode.swift; path = ViewController.swift; sourceTree = "<group>"; };
		83F77D8D27CF831D00C564C4 /* Base */ = {isa = PBXFileReference; lastKnownFileType = file.storyboard; name = Base; path = Base.lproj/Main.storyboard; sourceTree = "<group>"; };
		83F77D8F27CF832200C564C4 /* Assets.xcassets */ = {isa = PBXFileReference; lastKnownFileType = folder.assetcatalog; path = Assets.xcassets; sourceTree = "<group>"; };
		83F77D9227CF832200C564C4 /* Base */ = {isa = PBXFileReference; lastKnownFileType = file.storyboard; name = Base; path = Base.lproj/LaunchScreen.storyboard; sourceTree = "<group>"; };
		83F77D9427CF832200C564C4 /* Info.plist */ = {isa = PBXFileReference; lastKnownFileType = text.plist.xml; path = Info.plist; sourceTree = "<group>"; };
		83F77D9927CF832200C564C4 /* ViperSnapKitTests.xctest */ = {isa = PBXFileReference; explicitFileType = wrapper.cfbundle; includeInIndex = 0; path = ViperSnapKitTests.xctest; sourceTree = BUILT_PRODUCTS_DIR; };
		83F77D9D27CF832200C564C4 /* ViperSnapKitTests.swift */ = {isa = PBXFileReference; lastKnownFileType = sourcecode.swift; path = ViperSnapKitTests.swift; sourceTree = "<group>"; };
		83F77DA327CF832200C564C4 /* ViperSnapKitUITests.xctest */ = {isa = PBXFileReference; explicitFileType = wrapper.cfbundle; includeInIndex = 0; path = ViperSnapKitUITests.xctest; sourceTree = BUILT_PRODUCTS_DIR; };
		83F77DA727CF832200C564C4 /* ViperSnapKitUITests.swift */ = {isa = PBXFileReference; lastKnownFileType = sourcecode.swift; path = ViperSnapKitUITests.swift; sourceTree = "<group>"; };
		83F77DA927CF832200C564C4 /* ViperSnapKitUITestsLaunchTests.swift */ = {isa = PBXFileReference; lastKnownFileType = sourcecode.swift; path = ViperSnapKitUITestsLaunchTests.swift; sourceTree = "<group>"; };
		83F77DB927CF837D00C564C4 /* HomeView.swift */ = {isa = PBXFileReference; lastKnownFileType = sourcecode.swift; path = HomeView.swift; sourceTree = "<group>"; };
		83F77DBB27CF8BE900C564C4 /* HomeInteractor.swift */ = {isa = PBXFileReference; lastKnownFileType = sourcecode.swift; path = HomeInteractor.swift; sourceTree = "<group>"; };
		83F77DBD27CF8BF400C564C4 /* HomePresenter.swift */ = {isa = PBXFileReference; lastKnownFileType = sourcecode.swift; path = HomePresenter.swift; sourceTree = "<group>"; };
		83F77DBF27CF8C0200C564C4 /* HomeEntity.swift */ = {isa = PBXFileReference; lastKnownFileType = sourcecode.swift; path = HomeEntity.swift; sourceTree = "<group>"; };
		83F77DC127CF8C0B00C564C4 /* HomeRouter.swift */ = {isa = PBXFileReference; lastKnownFileType = sourcecode.swift; path = HomeRouter.swift; sourceTree = "<group>"; };
		83F77DC327CF8C1400C564C4 /* HomeBuilder.swift */ = {isa = PBXFileReference; lastKnownFileType = sourcecode.swift; path = HomeBuilder.swift; sourceTree = "<group>"; };
		83F77DCA27CFA96D00C564C4 /* APIError.swift */ = {isa = PBXFileReference; fileEncoding = 4; lastKnownFileType = sourcecode.swift; path = APIError.swift; sourceTree = "<group>"; };
		83F77DCE27CFA96D00C564C4 /* NetworkConstant.swift */ = {isa = PBXFileReference; fileEncoding = 4; lastKnownFileType = sourcecode.swift; path = NetworkConstant.swift; sourceTree = "<group>"; };
		83F77DD027CFA96D00C564C4 /* APIService.swift */ = {isa = PBXFileReference; fileEncoding = 4; lastKnownFileType = sourcecode.swift; path = APIService.swift; sourceTree = "<group>"; };
		83F77DDB27CFA9AD00C564C4 /* Constants.swift */ = {isa = PBXFileReference; fileEncoding = 4; lastKnownFileType = sourcecode.swift; path = Constants.swift; sourceTree = "<group>"; };
		83F77DE027CFA9AD00C564C4 /* LoadingManager.swift */ = {isa = PBXFileReference; fileEncoding = 4; lastKnownFileType = sourcecode.swift; path = LoadingManager.swift; sourceTree = "<group>"; };
		83F77DE227CFA9AD00C564C4 /* Logger.swift */ = {isa = PBXFileReference; fileEncoding = 4; lastKnownFileType = sourcecode.swift; path = Logger.swift; sourceTree = "<group>"; };
		83F77DE427CFA9AD00C564C4 /* ValidationManager.swift */ = {isa = PBXFileReference; fileEncoding = 4; lastKnownFileType = sourcecode.swift; path = ValidationManager.swift; sourceTree = "<group>"; };
		83F77DE627CFA9AD00C564C4 /* Enums.swift */ = {isa = PBXFileReference; fileEncoding = 4; lastKnownFileType = sourcecode.swift; path = Enums.swift; sourceTree = "<group>"; };
		83F77DF527CFA9AD00C564C4 /* SceneDelegate-Extension.swift */ = {isa = PBXFileReference; fileEncoding = 4; lastKnownFileType = sourcecode.swift; path = "SceneDelegate-Extension.swift"; sourceTree = "<group>"; };
		83F77DFB27CFA9AD00C564C4 /* Data-Extension.swift */ = {isa = PBXFileReference; fileEncoding = 4; lastKnownFileType = sourcecode.swift; path = "Data-Extension.swift"; sourceTree = "<group>"; };
		83F77E0027CFA9AD00C564C4 /* BaseVC.swift */ = {isa = PBXFileReference; fileEncoding = 4; lastKnownFileType = sourcecode.swift; path = BaseVC.swift; sourceTree = "<group>"; };
		83F77E0527CFA9AD00C564C4 /* LoadingProtocol.swift */ = {isa = PBXFileReference; fileEncoding = 4; lastKnownFileType = sourcecode.swift; path = LoadingProtocol.swift; sourceTree = "<group>"; };
		83F77E0927CFA9AD00C564C4 /* NavbarProtocol.swift */ = {isa = PBXFileReference; fileEncoding = 4; lastKnownFileType = sourcecode.swift; path = NavbarProtocol.swift; sourceTree = "<group>"; };
		83F77E0D27CFA9AD00C564C4 /* LogProtocol.swift */ = {isa = PBXFileReference; fileEncoding = 4; lastKnownFileType = sourcecode.swift; path = LogProtocol.swift; sourceTree = "<group>"; };
		83F77E1127CFA9AD00C564C4 /* BaseProtocol.swift */ = {isa = PBXFileReference; fileEncoding = 4; lastKnownFileType = sourcecode.swift; path = BaseProtocol.swift; sourceTree = "<group>"; };
		83F77E3327CFB55C00C564C4 /* EpisodeCell.swift */ = {isa = PBXFileReference; lastKnownFileType = sourcecode.swift; path = EpisodeCell.swift; sourceTree = "<group>"; };
		83F77E3627CFB8A000C564C4 /* UITableView-Extension.swift */ = {isa = PBXFileReference; fileEncoding = 4; lastKnownFileType = sourcecode.swift; path = "UITableView-Extension.swift"; sourceTree = "<group>"; };
		83F77E3F27CFBA3100C564C4 /* UIApplication-Extension.swift */ = {isa = PBXFileReference; lastKnownFileType = sourcecode.swift; name = "UIApplication-Extension.swift"; path = "ViperSnapKit/UIApplication-Extension.swift"; sourceTree = SOURCE_ROOT; };
		83F77E4227CFBD8300C564C4 /* HomeDetailView.swift */ = {isa = PBXFileReference; lastKnownFileType = sourcecode.swift; path = HomeDetailView.swift; sourceTree = "<group>"; };
		83F77E4427CFBDA100C564C4 /* HomeDetailInteractor.swift */ = {isa = PBXFileReference; lastKnownFileType = sourcecode.swift; path = HomeDetailInteractor.swift; sourceTree = "<group>"; };
		83F77E4627CFBDAE00C564C4 /* HomeDetailPresenter.swift */ = {isa = PBXFileReference; lastKnownFileType = sourcecode.swift; path = HomeDetailPresenter.swift; sourceTree = "<group>"; };
		83F77E4827CFBDBC00C564C4 /* HomeDetailEntity.swift */ = {isa = PBXFileReference; lastKnownFileType = sourcecode.swift; path = HomeDetailEntity.swift; sourceTree = "<group>"; };
		83F77E4A27CFBDC600C564C4 /* HomeDetailRouter.swift */ = {isa = PBXFileReference; lastKnownFileType = sourcecode.swift; path = HomeDetailRouter.swift; sourceTree = "<group>"; };
		83F77E4C27CFBF5F00C564C4 /* HomeDetailBuilder.swift */ = {isa = PBXFileReference; lastKnownFileType = sourcecode.swift; path = HomeDetailBuilder.swift; sourceTree = "<group>"; };
		83F77E4F27CFBF8D00C564C4 /* BuilderProtocol.swift */ = {isa = PBXFileReference; lastKnownFileType = sourcecode.swift; path = BuilderProtocol.swift; sourceTree = "<group>"; };
/* End PBXFileReference section */

/* Begin PBXFrameworksBuildPhase section */
		83F77D8027CF831D00C564C4 /* Frameworks */ = {
			isa = PBXFrameworksBuildPhase;
			buildActionMask = 2147483647;
			files = (
				83F77DC727CF907500C564C4 /* SnapKit in Frameworks */,
			);
			runOnlyForDeploymentPostprocessing = 0;
		};
		83F77D9627CF832200C564C4 /* Frameworks */ = {
			isa = PBXFrameworksBuildPhase;
			buildActionMask = 2147483647;
			files = (
			);
			runOnlyForDeploymentPostprocessing = 0;
		};
		83F77DA027CF832200C564C4 /* Frameworks */ = {
			isa = PBXFrameworksBuildPhase;
			buildActionMask = 2147483647;
			files = (
			);
			runOnlyForDeploymentPostprocessing = 0;
		};
/* End PBXFrameworksBuildPhase section */

/* Begin PBXGroup section */
		83F77D7A27CF831D00C564C4 = {
			isa = PBXGroup;
			children = (
				83F77D8527CF831D00C564C4 /* ViperSnapKit */,
				83F77D9C27CF832200C564C4 /* ViperSnapKitTests */,
				83F77DA627CF832200C564C4 /* ViperSnapKitUITests */,
				83F77D8427CF831D00C564C4 /* Products */,
			);
			sourceTree = "<group>";
		};
		83F77D8427CF831D00C564C4 /* Products */ = {
			isa = PBXGroup;
			children = (
				83F77D8327CF831D00C564C4 /* ViperSnapKit.app */,
				83F77D9927CF832200C564C4 /* ViperSnapKitTests.xctest */,
				83F77DA327CF832200C564C4 /* ViperSnapKitUITests.xctest */,
			);
			name = Products;
			sourceTree = "<group>";
		};
		83F77D8527CF831D00C564C4 /* ViperSnapKit */ = {
			isa = PBXGroup;
			children = (
				83F77DC827CFA96D00C564C4 /* Networking */,
				83F77DB827CF835800C564C4 /* Module */,
				83F77DD927CFA9AD00C564C4 /* Helper */,
				83F77DB627CF833000C564C4 /* App */,
				83F77DB727CF834600C564C4 /* Resources */,
				83F77D9427CF832200C564C4 /* Info.plist */,
			);
			path = ViperSnapKit;
			sourceTree = "<group>";
		};
		83F77D9C27CF832200C564C4 /* ViperSnapKitTests */ = {
			isa = PBXGroup;
			children = (
				83F77D9D27CF832200C564C4 /* ViperSnapKitTests.swift */,
			);
			path = ViperSnapKitTests;
			sourceTree = "<group>";
		};
		83F77DA627CF832200C564C4 /* ViperSnapKitUITests */ = {
			isa = PBXGroup;
			children = (
				83F77DA727CF832200C564C4 /* ViperSnapKitUITests.swift */,
				83F77DA927CF832200C564C4 /* ViperSnapKitUITestsLaunchTests.swift */,
			);
			path = ViperSnapKitUITests;
			sourceTree = "<group>";
		};
		83F77DB627CF833000C564C4 /* App */ = {
			isa = PBXGroup;
			children = (
				83F77D9127CF832200C564C4 /* LaunchScreen.storyboard */,
				83F77D8A27CF831D00C564C4 /* ViewController.swift */,
				83F77D8C27CF831D00C564C4 /* Main.storyboard */,
				83F77D8627CF831D00C564C4 /* AppDelegate.swift */,
				83F77D8827CF831D00C564C4 /* SceneDelegate.swift */,
			);
			path = App;
			sourceTree = "<group>";
		};
		83F77DB727CF834600C564C4 /* Resources */ = {
			isa = PBXGroup;
			children = (
				83F77D8F27CF832200C564C4 /* Assets.xcassets */,
			);
			path = Resources;
			sourceTree = "<group>";
		};
		83F77DB827CF835800C564C4 /* Module */ = {
			isa = PBXGroup;
			children = (
				83F77DD827CFA97000C564C4 /* Home */,
				83F77E4127CFBCF600C564C4 /* HomeDetail */,
			);
			name = Module;
			sourceTree = "<group>";
		};
		83F77DC827CFA96D00C564C4 /* Networking */ = {
			isa = PBXGroup;
			children = (
				83F77DC927CFA96D00C564C4 /* APIError */,
				83F77DCB27CFA96D00C564C4 /* RequestModel */,
				83F77DCD27CFA96D00C564C4 /* NetworkConstant */,
				83F77DCF27CFA96D00C564C4 /* APIService */,
			);
			path = Networking;
			sourceTree = "<group>";
		};
		83F77DC927CFA96D00C564C4 /* APIError */ = {
			isa = PBXGroup;
			children = (
				83F77DCA27CFA96D00C564C4 /* APIError.swift */,
			);
			path = APIError;
			sourceTree = "<group>";
		};
		83F77DCB27CFA96D00C564C4 /* RequestModel */ = {
			isa = PBXGroup;
			children = (
			);
			path = RequestModel;
			sourceTree = "<group>";
		};
		83F77DCD27CFA96D00C564C4 /* NetworkConstant */ = {
			isa = PBXGroup;
			children = (
				83F77DCE27CFA96D00C564C4 /* NetworkConstant.swift */,
			);
			path = NetworkConstant;
			sourceTree = "<group>";
		};
		83F77DCF27CFA96D00C564C4 /* APIService */ = {
			isa = PBXGroup;
			children = (
				83F77DD027CFA96D00C564C4 /* APIService.swift */,
			);
			path = APIService;
			sourceTree = "<group>";
		};
		83F77DD827CFA97000C564C4 /* Home */ = {
			isa = PBXGroup;
			children = (
				83F77E3227CFB54A00C564C4 /* Cell */,
				83F77DB927CF837D00C564C4 /* HomeView.swift */,
				83F77DBB27CF8BE900C564C4 /* HomeInteractor.swift */,
				83F77DBD27CF8BF400C564C4 /* HomePresenter.swift */,
				83F77DBF27CF8C0200C564C4 /* HomeEntity.swift */,
				83F77DC127CF8C0B00C564C4 /* HomeRouter.swift */,
				83F77DC327CF8C1400C564C4 /* HomeBuilder.swift */,
			);
			name = Home;
			sourceTree = "<group>";
		};
		83F77DD927CFA9AD00C564C4 /* Helper */ = {
			isa = PBXGroup;
			children = (
				83F77DDA27CFA9AD00C564C4 /* Constants */,
				83F77DDC27CFA9AD00C564C4 /* Managers */,
				83F77DE527CFA9AD00C564C4 /* Enums */,
				83F77DE727CFA9AD00C564C4 /* Extensions */,
				83F77DFC27CFA9AD00C564C4 /* Base */,
			);
			path = Helper;
			sourceTree = "<group>";
		};
		83F77DDA27CFA9AD00C564C4 /* Constants */ = {
			isa = PBXGroup;
			children = (
				83F77DDB27CFA9AD00C564C4 /* Constants.swift */,
			);
			path = Constants;
			sourceTree = "<group>";
		};
		83F77DDC27CFA9AD00C564C4 /* Managers */ = {
			isa = PBXGroup;
			children = (
				83F77DDD27CFA9AD00C564C4 /* LoadingManager */,
				83F77DE127CFA9AD00C564C4 /* LogManager */,
				83F77DE327CFA9AD00C564C4 /* ValidationManager */,
			);
			path = Managers;
			sourceTree = "<group>";
		};
		83F77DDD27CFA9AD00C564C4 /* LoadingManager */ = {
			isa = PBXGroup;
			children = (
				83F77DE027CFA9AD00C564C4 /* LoadingManager.swift */,
			);
			path = LoadingManager;
			sourceTree = "<group>";
		};
		83F77DE127CFA9AD00C564C4 /* LogManager */ = {
			isa = PBXGroup;
			children = (
				83F77DE227CFA9AD00C564C4 /* Logger.swift */,
			);
			path = LogManager;
			sourceTree = "<group>";
		};
		83F77DE327CFA9AD00C564C4 /* ValidationManager */ = {
			isa = PBXGroup;
			children = (
				83F77DE427CFA9AD00C564C4 /* ValidationManager.swift */,
			);
			path = ValidationManager;
			sourceTree = "<group>";
		};
		83F77DE527CFA9AD00C564C4 /* Enums */ = {
			isa = PBXGroup;
			children = (
				83F77DE627CFA9AD00C564C4 /* Enums.swift */,
			);
			path = Enums;
			sourceTree = "<group>";
		};
		83F77DE727CFA9AD00C564C4 /* Extensions */ = {
			isa = PBXGroup;
			children = (
				83F77E3827CFB93600C564C4 /* UIApplication */,
				83F77E3527CFB8A000C564C4 /* UITableView */,
				83F77E2F27CFAAC500C564C4 /* UIApplication */,
				83F77DF427CFA9AD00C564C4 /* SceneDelegate */,
				83F77DFA27CFA9AD00C564C4 /* Data */,
			);
			path = Extensions;
			sourceTree = "<group>";
		};
		83F77DF427CFA9AD00C564C4 /* SceneDelegate */ = {
			isa = PBXGroup;
			children = (
				83F77DF527CFA9AD00C564C4 /* SceneDelegate-Extension.swift */,
			);
			path = SceneDelegate;
			sourceTree = "<group>";
		};
		83F77DFA27CFA9AD00C564C4 /* Data */ = {
			isa = PBXGroup;
			children = (
				83F77DFB27CFA9AD00C564C4 /* Data-Extension.swift */,
			);
			path = Data;
			sourceTree = "<group>";
		};
		83F77DFC27CFA9AD00C564C4 /* Base */ = {
			isa = PBXGroup;
			children = (
				83F77DFF27CFA9AD00C564C4 /* BaseVC */,
				83F77E0127CFA9AD00C564C4 /* Protocols */,
			);
			path = Base;
			sourceTree = "<group>";
		};
		83F77DFF27CFA9AD00C564C4 /* BaseVC */ = {
			isa = PBXGroup;
			children = (
				83F77E0027CFA9AD00C564C4 /* BaseVC.swift */,
			);
			path = BaseVC;
			sourceTree = "<group>";
		};
		83F77E0127CFA9AD00C564C4 /* Protocols */ = {
			isa = PBXGroup;
			children = (
				83F77E4E27CFBF8200C564C4 /* BuilderProtocol */,
				83F77E0427CFA9AD00C564C4 /* LoadingProtocol */,
				83F77E0827CFA9AD00C564C4 /* NavbarProtocol */,
				83F77E0C27CFA9AD00C564C4 /* LogProtocol */,
				83F77E1027CFA9AD00C564C4 /* BaseProtocol */,
			);
			path = Protocols;
			sourceTree = "<group>";
		};
		83F77E0427CFA9AD00C564C4 /* LoadingProtocol */ = {
			isa = PBXGroup;
			children = (
				83F77E0527CFA9AD00C564C4 /* LoadingProtocol.swift */,
			);
			path = LoadingProtocol;
			sourceTree = "<group>";
		};
		83F77E0827CFA9AD00C564C4 /* NavbarProtocol */ = {
			isa = PBXGroup;
			children = (
				83F77E0927CFA9AD00C564C4 /* NavbarProtocol.swift */,
			);
			path = NavbarProtocol;
			sourceTree = "<group>";
		};
		83F77E0C27CFA9AD00C564C4 /* LogProtocol */ = {
			isa = PBXGroup;
			children = (
				83F77E0D27CFA9AD00C564C4 /* LogProtocol.swift */,
			);
			path = LogProtocol;
			sourceTree = "<group>";
		};
		83F77E1027CFA9AD00C564C4 /* BaseProtocol */ = {
			isa = PBXGroup;
			children = (
				83F77E1127CFA9AD00C564C4 /* BaseProtocol.swift */,
			);
			path = BaseProtocol;
			sourceTree = "<group>";
		};
		83F77E2F27CFAAC500C564C4 /* UIApplication */ = {
			isa = PBXGroup;
			children = (
			);
			name = UIApplication;
			path = ../../../../SearchApp/SearchApp/Helper/Extensions/UIApplication;
			sourceTree = "<group>";
		};
		83F77E3227CFB54A00C564C4 /* Cell */ = {
			isa = PBXGroup;
			children = (
				83F77E3327CFB55C00C564C4 /* EpisodeCell.swift */,
			);
			name = Cell;
			sourceTree = "<group>";
		};
		83F77E3527CFB8A000C564C4 /* UITableView */ = {
			isa = PBXGroup;
			children = (
				83F77E3627CFB8A000C564C4 /* UITableView-Extension.swift */,
			);
			path = UITableView;
			sourceTree = "<group>";
		};
		83F77E3827CFB93600C564C4 /* UIApplication */ = {
			isa = PBXGroup;
			children = (
				83F77E3F27CFBA3100C564C4 /* UIApplication-Extension.swift */,
			);
			name = UIApplication;
			path = ../../../../Foreks/Foreks/Helper/Extensions/UIApplication;
			sourceTree = "<group>";
		};
		83F77E4127CFBCF600C564C4 /* HomeDetail */ = {
			isa = PBXGroup;
			children = (
				83F77E4227CFBD8300C564C4 /* HomeDetailView.swift */,
				83F77E4427CFBDA100C564C4 /* HomeDetailInteractor.swift */,
				83F77E4627CFBDAE00C564C4 /* HomeDetailPresenter.swift */,
				83F77E4827CFBDBC00C564C4 /* HomeDetailEntity.swift */,
				83F77E4A27CFBDC600C564C4 /* HomeDetailRouter.swift */,
				83F77E4C27CFBF5F00C564C4 /* HomeDetailBuilder.swift */,
			);
			name = HomeDetail;
			sourceTree = "<group>";
		};
		83F77E4E27CFBF8200C564C4 /* BuilderProtocol */ = {
			isa = PBXGroup;
			children = (
				83F77E4F27CFBF8D00C564C4 /* BuilderProtocol.swift */,
			);
			path = BuilderProtocol;
			sourceTree = "<group>";
		};
/* End PBXGroup section */

/* Begin PBXNativeTarget section */
		83F77D8227CF831D00C564C4 /* ViperSnapKit */ = {
			isa = PBXNativeTarget;
			buildConfigurationList = 83F77DAD27CF832200C564C4 /* Build configuration list for PBXNativeTarget "ViperSnapKit" */;
			buildPhases = (
				83F77D7F27CF831D00C564C4 /* Sources */,
				83F77D8027CF831D00C564C4 /* Frameworks */,
				83F77D8127CF831D00C564C4 /* Resources */,
			);
			buildRules = (
			);
			dependencies = (
			);
			name = ViperSnapKit;
			packageProductDependencies = (
				83F77DC627CF907500C564C4 /* SnapKit */,
			);
			productName = ViperSnapKit;
			productReference = 83F77D8327CF831D00C564C4 /* ViperSnapKit.app */;
			productType = "com.apple.product-type.application";
		};
		83F77D9827CF832200C564C4 /* ViperSnapKitTests */ = {
			isa = PBXNativeTarget;
			buildConfigurationList = 83F77DB027CF832200C564C4 /* Build configuration list for PBXNativeTarget "ViperSnapKitTests" */;
			buildPhases = (
				83F77D9527CF832200C564C4 /* Sources */,
				83F77D9627CF832200C564C4 /* Frameworks */,
				83F77D9727CF832200C564C4 /* Resources */,
			);
			buildRules = (
			);
			dependencies = (
				83F77D9B27CF832200C564C4 /* PBXTargetDependency */,
			);
			name = ViperSnapKitTests;
			productName = ViperSnapKitTests;
			productReference = 83F77D9927CF832200C564C4 /* ViperSnapKitTests.xctest */;
			productType = "com.apple.product-type.bundle.unit-test";
		};
		83F77DA227CF832200C564C4 /* ViperSnapKitUITests */ = {
			isa = PBXNativeTarget;
			buildConfigurationList = 83F77DB327CF832200C564C4 /* Build configuration list for PBXNativeTarget "ViperSnapKitUITests" */;
			buildPhases = (
				83F77D9F27CF832200C564C4 /* Sources */,
				83F77DA027CF832200C564C4 /* Frameworks */,
				83F77DA127CF832200C564C4 /* Resources */,
			);
			buildRules = (
			);
			dependencies = (
				83F77DA527CF832200C564C4 /* PBXTargetDependency */,
			);
			name = ViperSnapKitUITests;
			productName = ViperSnapKitUITests;
			productReference = 83F77DA327CF832200C564C4 /* ViperSnapKitUITests.xctest */;
			productType = "com.apple.product-type.bundle.ui-testing";
		};
/* End PBXNativeTarget section */

/* Begin PBXProject section */
		83F77D7B27CF831D00C564C4 /* Project object */ = {
			isa = PBXProject;
			attributes = {
				BuildIndependentTargetsInParallel = 1;
				LastSwiftUpdateCheck = 1300;
				LastUpgradeCheck = 1300;
				TargetAttributes = {
					83F77D8227CF831D00C564C4 = {
						CreatedOnToolsVersion = 13.0;
					};
					83F77D9827CF832200C564C4 = {
						CreatedOnToolsVersion = 13.0;
						TestTargetID = 83F77D8227CF831D00C564C4;
					};
					83F77DA227CF832200C564C4 = {
						CreatedOnToolsVersion = 13.0;
						TestTargetID = 83F77D8227CF831D00C564C4;
					};
				};
			};
			buildConfigurationList = 83F77D7E27CF831D00C564C4 /* Build configuration list for PBXProject "ViperSnapKit" */;
			compatibilityVersion = "Xcode 13.0";
			developmentRegion = en;
			hasScannedForEncodings = 0;
			knownRegions = (
				en,
				Base,
			);
			mainGroup = 83F77D7A27CF831D00C564C4;
			packageReferences = (
				83F77DC527CF907500C564C4 /* XCRemoteSwiftPackageReference "SnapKit" */,
			);
			productRefGroup = 83F77D8427CF831D00C564C4 /* Products */;
			projectDirPath = "";
			projectRoot = "";
			targets = (
				83F77D8227CF831D00C564C4 /* ViperSnapKit */,
				83F77D9827CF832200C564C4 /* ViperSnapKitTests */,
				83F77DA227CF832200C564C4 /* ViperSnapKitUITests */,
			);
		};
/* End PBXProject section */

/* Begin PBXResourcesBuildPhase section */
		83F77D8127CF831D00C564C4 /* Resources */ = {
			isa = PBXResourcesBuildPhase;
			buildActionMask = 2147483647;
			files = (
				83F77D9327CF832200C564C4 /* LaunchScreen.storyboard in Resources */,
				83F77D9027CF832200C564C4 /* Assets.xcassets in Resources */,
				83F77D8E27CF831D00C564C4 /* Main.storyboard in Resources */,
			);
			runOnlyForDeploymentPostprocessing = 0;
		};
		83F77D9727CF832200C564C4 /* Resources */ = {
			isa = PBXResourcesBuildPhase;
			buildActionMask = 2147483647;
			files = (
			);
			runOnlyForDeploymentPostprocessing = 0;
		};
		83F77DA127CF832200C564C4 /* Resources */ = {
			isa = PBXResourcesBuildPhase;
			buildActionMask = 2147483647;
			files = (
			);
			runOnlyForDeploymentPostprocessing = 0;
		};
/* End PBXResourcesBuildPhase section */

/* Begin PBXSourcesBuildPhase section */
		83F77D7F27CF831D00C564C4 /* Sources */ = {
			isa = PBXSourcesBuildPhase;
			buildActionMask = 2147483647;
			files = (
				83F77E2727CFA9AE00C564C4 /* LoadingProtocol.swift in Sources */,
				83F77E3727CFB8A000C564C4 /* UITableView-Extension.swift in Sources */,
				83F77E4327CFBD8300C564C4 /* HomeDetailView.swift in Sources */,
				83F77E1627CFA9AD00C564C4 /* LoadingManager.swift in Sources */,
				83F77E2927CFA9AE00C564C4 /* NavbarProtocol.swift in Sources */,
				83F77E1827CFA9AD00C564C4 /* ValidationManager.swift in Sources */,
				83F77E4927CFBDBC00C564C4 /* HomeDetailEntity.swift in Sources */,
				83F77E2B27CFA9AE00C564C4 /* LogProtocol.swift in Sources */,
				83F77E1927CFA9AD00C564C4 /* Enums.swift in Sources */,
				83F77E2327CFA9AE00C564C4 /* Data-Extension.swift in Sources */,
				83F77D8B27CF831D00C564C4 /* ViewController.swift in Sources */,
				83F77E4727CFBDAE00C564C4 /* HomeDetailPresenter.swift in Sources */,
				83F77DBA27CF837D00C564C4 /* HomeView.swift in Sources */,
				83F77DC027CF8C0200C564C4 /* HomeEntity.swift in Sources */,
				83F77E4B27CFBDC600C564C4 /* HomeDetailRouter.swift in Sources */,
				83F77DD327CFA96D00C564C4 /* APIError.swift in Sources */,
				83F77DD527CFA96D00C564C4 /* NetworkConstant.swift in Sources */,
				83F77E1427CFA9AD00C564C4 /* Constants.swift in Sources */,
				83F77D8727CF831D00C564C4 /* AppDelegate.swift in Sources */,
				83F77E2D27CFA9AE00C564C4 /* BaseProtocol.swift in Sources */,
				83F77DBE27CF8BF400C564C4 /* HomePresenter.swift in Sources */,
				83F77E3427CFB55C00C564C4 /* EpisodeCell.swift in Sources */,
				83F77E4527CFBDA100C564C4 /* HomeDetailInteractor.swift in Sources */,
				83F77DC227CF8C0B00C564C4 /* HomeRouter.swift in Sources */,
				83F77E1727CFA9AD00C564C4 /* Logger.swift in Sources */,
				83F77E5027CFBF8D00C564C4 /* BuilderProtocol.swift in Sources */,
				83F77E4027CFBA3100C564C4 /* UIApplication-Extension.swift in Sources */,
				83F77DD627CFA96D00C564C4 /* APIService.swift in Sources */,
				83F77DC427CF8C1400C564C4 /* HomeBuilder.swift in Sources */,
				83F77E2027CFA9AE00C564C4 /* SceneDelegate-Extension.swift in Sources */,
				83F77E2527CFA9AE00C564C4 /* BaseVC.swift in Sources */,
				83F77DBC27CF8BE900C564C4 /* HomeInteractor.swift in Sources */,
				83F77D8927CF831D00C564C4 /* SceneDelegate.swift in Sources */,
				83F77E4D27CFBF5F00C564C4 /* HomeDetailBuilder.swift in Sources */,
			);
			runOnlyForDeploymentPostprocessing = 0;
		};
		83F77D9527CF832200C564C4 /* Sources */ = {
			isa = PBXSourcesBuildPhase;
			buildActionMask = 2147483647;
			files = (
				83F77D9E27CF832200C564C4 /* ViperSnapKitTests.swift in Sources */,
			);
			runOnlyForDeploymentPostprocessing = 0;
		};
		83F77D9F27CF832200C564C4 /* Sources */ = {
			isa = PBXSourcesBuildPhase;
			buildActionMask = 2147483647;
			files = (
				83F77DAA27CF832200C564C4 /* ViperSnapKitUITestsLaunchTests.swift in Sources */,
				83F77DA827CF832200C564C4 /* ViperSnapKitUITests.swift in Sources */,
			);
			runOnlyForDeploymentPostprocessing = 0;
		};
/* End PBXSourcesBuildPhase section */

/* Begin PBXTargetDependency section */
		83F77D9B27CF832200C564C4 /* PBXTargetDependency */ = {
			isa = PBXTargetDependency;
			target = 83F77D8227CF831D00C564C4 /* ViperSnapKit */;
			targetProxy = 83F77D9A27CF832200C564C4 /* PBXContainerItemProxy */;
		};
		83F77DA527CF832200C564C4 /* PBXTargetDependency */ = {
			isa = PBXTargetDependency;
			target = 83F77D8227CF831D00C564C4 /* ViperSnapKit */;
			targetProxy = 83F77DA427CF832200C564C4 /* PBXContainerItemProxy */;
		};
/* End PBXTargetDependency section */

/* Begin PBXVariantGroup section */
		83F77D8C27CF831D00C564C4 /* Main.storyboard */ = {
			isa = PBXVariantGroup;
			children = (
				83F77D8D27CF831D00C564C4 /* Base */,
			);
			name = Main.storyboard;
			sourceTree = "<group>";
		};
		83F77D9127CF832200C564C4 /* LaunchScreen.storyboard */ = {
			isa = PBXVariantGroup;
			children = (
				83F77D9227CF832200C564C4 /* Base */,
			);
			name = LaunchScreen.storyboard;
			sourceTree = "<group>";
		};
/* End PBXVariantGroup section */

/* Begin XCBuildConfiguration section */
		83F77DAB27CF832200C564C4 /* Debug */ = {
			isa = XCBuildConfiguration;
			buildSettings = {
				ALWAYS_SEARCH_USER_PATHS = NO;
				CLANG_ANALYZER_NONNULL = YES;
				CLANG_ANALYZER_NUMBER_OBJECT_CONVERSION = YES_AGGRESSIVE;
				CLANG_CXX_LANGUAGE_STANDARD = "gnu++17";
				CLANG_CXX_LIBRARY = "libc++";
				CLANG_ENABLE_MODULES = YES;
				CLANG_ENABLE_OBJC_ARC = YES;
				CLANG_ENABLE_OBJC_WEAK = YES;
				CLANG_WARN_BLOCK_CAPTURE_AUTORELEASING = YES;
				CLANG_WARN_BOOL_CONVERSION = YES;
				CLANG_WARN_COMMA = YES;
				CLANG_WARN_CONSTANT_CONVERSION = YES;
				CLANG_WARN_DEPRECATED_OBJC_IMPLEMENTATIONS = YES;
				CLANG_WARN_DIRECT_OBJC_ISA_USAGE = YES_ERROR;
				CLANG_WARN_DOCUMENTATION_COMMENTS = YES;
				CLANG_WARN_EMPTY_BODY = YES;
				CLANG_WARN_ENUM_CONVERSION = YES;
				CLANG_WARN_INFINITE_RECURSION = YES;
				CLANG_WARN_INT_CONVERSION = YES;
				CLANG_WARN_NON_LITERAL_NULL_CONVERSION = YES;
				CLANG_WARN_OBJC_IMPLICIT_RETAIN_SELF = YES;
				CLANG_WARN_OBJC_LITERAL_CONVERSION = YES;
				CLANG_WARN_OBJC_ROOT_CLASS = YES_ERROR;
				CLANG_WARN_QUOTED_INCLUDE_IN_FRAMEWORK_HEADER = YES;
				CLANG_WARN_RANGE_LOOP_ANALYSIS = YES;
				CLANG_WARN_STRICT_PROTOTYPES = YES;
				CLANG_WARN_SUSPICIOUS_MOVE = YES;
				CLANG_WARN_UNGUARDED_AVAILABILITY = YES_AGGRESSIVE;
				CLANG_WARN_UNREACHABLE_CODE = YES;
				CLANG_WARN__DUPLICATE_METHOD_MATCH = YES;
				COPY_PHASE_STRIP = NO;
				DEBUG_INFORMATION_FORMAT = dwarf;
				ENABLE_STRICT_OBJC_MSGSEND = YES;
				ENABLE_TESTABILITY = YES;
				GCC_C_LANGUAGE_STANDARD = gnu11;
				GCC_DYNAMIC_NO_PIC = NO;
				GCC_NO_COMMON_BLOCKS = YES;
				GCC_OPTIMIZATION_LEVEL = 0;
				GCC_PREPROCESSOR_DEFINITIONS = (
					"DEBUG=1",
					"$(inherited)",
				);
				GCC_WARN_64_TO_32_BIT_CONVERSION = YES;
				GCC_WARN_ABOUT_RETURN_TYPE = YES_ERROR;
				GCC_WARN_UNDECLARED_SELECTOR = YES;
				GCC_WARN_UNINITIALIZED_AUTOS = YES_AGGRESSIVE;
				GCC_WARN_UNUSED_FUNCTION = YES;
				GCC_WARN_UNUSED_VARIABLE = YES;
				IPHONEOS_DEPLOYMENT_TARGET = 15.0;
				MTL_ENABLE_DEBUG_INFO = INCLUDE_SOURCE;
				MTL_FAST_MATH = YES;
				ONLY_ACTIVE_ARCH = YES;
				SDKROOT = iphoneos;
				SWIFT_ACTIVE_COMPILATION_CONDITIONS = DEBUG;
				SWIFT_OPTIMIZATION_LEVEL = "-Onone";
			};
			name = Debug;
		};
		83F77DAC27CF832200C564C4 /* Release */ = {
			isa = XCBuildConfiguration;
			buildSettings = {
				ALWAYS_SEARCH_USER_PATHS = NO;
				CLANG_ANALYZER_NONNULL = YES;
				CLANG_ANALYZER_NUMBER_OBJECT_CONVERSION = YES_AGGRESSIVE;
				CLANG_CXX_LANGUAGE_STANDARD = "gnu++17";
				CLANG_CXX_LIBRARY = "libc++";
				CLANG_ENABLE_MODULES = YES;
				CLANG_ENABLE_OBJC_ARC = YES;
				CLANG_ENABLE_OBJC_WEAK = YES;
				CLANG_WARN_BLOCK_CAPTURE_AUTORELEASING = YES;
				CLANG_WARN_BOOL_CONVERSION = YES;
				CLANG_WARN_COMMA = YES;
				CLANG_WARN_CONSTANT_CONVERSION = YES;
				CLANG_WARN_DEPRECATED_OBJC_IMPLEMENTATIONS = YES;
				CLANG_WARN_DIRECT_OBJC_ISA_USAGE = YES_ERROR;
				CLANG_WARN_DOCUMENTATION_COMMENTS = YES;
				CLANG_WARN_EMPTY_BODY = YES;
				CLANG_WARN_ENUM_CONVERSION = YES;
				CLANG_WARN_INFINITE_RECURSION = YES;
				CLANG_WARN_INT_CONVERSION = YES;
				CLANG_WARN_NON_LITERAL_NULL_CONVERSION = YES;
				CLANG_WARN_OBJC_IMPLICIT_RETAIN_SELF = YES;
				CLANG_WARN_OBJC_LITERAL_CONVERSION = YES;
				CLANG_WARN_OBJC_ROOT_CLASS = YES_ERROR;
				CLANG_WARN_QUOTED_INCLUDE_IN_FRAMEWORK_HEADER = YES;
				CLANG_WARN_RANGE_LOOP_ANALYSIS = YES;
				CLANG_WARN_STRICT_PROTOTYPES = YES;
				CLANG_WARN_SUSPICIOUS_MOVE = YES;
				CLANG_WARN_UNGUARDED_AVAILABILITY = YES_AGGRESSIVE;
				CLANG_WARN_UNREACHABLE_CODE = YES;
				CLANG_WARN__DUPLICATE_METHOD_MATCH = YES;
				COPY_PHASE_STRIP = NO;
				DEBUG_INFORMATION_FORMAT = "dwarf-with-dsym";
				ENABLE_NS_ASSERTIONS = NO;
				ENABLE_STRICT_OBJC_MSGSEND = YES;
				GCC_C_LANGUAGE_STANDARD = gnu11;
				GCC_NO_COMMON_BLOCKS = YES;
				GCC_WARN_64_TO_32_BIT_CONVERSION = YES;
				GCC_WARN_ABOUT_RETURN_TYPE = YES_ERROR;
				GCC_WARN_UNDECLARED_SELECTOR = YES;
				GCC_WARN_UNINITIALIZED_AUTOS = YES_AGGRESSIVE;
				GCC_WARN_UNUSED_FUNCTION = YES;
				GCC_WARN_UNUSED_VARIABLE = YES;
				IPHONEOS_DEPLOYMENT_TARGET = 15.0;
				MTL_ENABLE_DEBUG_INFO = NO;
				MTL_FAST_MATH = YES;
				SDKROOT = iphoneos;
				SWIFT_COMPILATION_MODE = wholemodule;
				SWIFT_OPTIMIZATION_LEVEL = "-O";
				VALIDATE_PRODUCT = YES;
			};
			name = Release;
		};
		83F77DAE27CF832200C564C4 /* Debug */ = {
			isa = XCBuildConfiguration;
			buildSettings = {
				ASSETCATALOG_COMPILER_APPICON_NAME = AppIcon;
				ASSETCATALOG_COMPILER_GLOBAL_ACCENT_COLOR_NAME = AccentColor;
				CODE_SIGN_STYLE = Automatic;
				CURRENT_PROJECT_VERSION = 1;
				DEVELOPMENT_TEAM = Q4E69GH98L;
				GENERATE_INFOPLIST_FILE = YES;
				INFOPLIST_FILE = ViperSnapKit/Info.plist;
				INFOPLIST_KEY_UIApplicationSupportsIndirectInputEvents = YES;
				INFOPLIST_KEY_UILaunchStoryboardName = LaunchScreen;
				INFOPLIST_KEY_UIMainStoryboardFile = Main;
				INFOPLIST_KEY_UISupportedInterfaceOrientations_iPad = "UIInterfaceOrientationPortrait UIInterfaceOrientationPortraitUpsideDown UIInterfaceOrientationLandscapeLeft UIInterfaceOrientationLandscapeRight";
				INFOPLIST_KEY_UISupportedInterfaceOrientations_iPhone = "UIInterfaceOrientationPortrait UIInterfaceOrientationLandscapeLeft UIInterfaceOrientationLandscapeRight";
				LD_RUNPATH_SEARCH_PATHS = (
					"$(inherited)",
					"@executable_path/Frameworks",
				);
				MARKETING_VERSION = 1.0;
				PRODUCT_BUNDLE_IDENTIFIER = tolga.ViperSnapKit;
				PRODUCT_NAME = "$(TARGET_NAME)";
				SWIFT_EMIT_LOC_STRINGS = YES;
				SWIFT_VERSION = 5.0;
				TARGETED_DEVICE_FAMILY = "1,2";
			};
			name = Debug;
		};
		83F77DAF27CF832200C564C4 /* Release */ = {
			isa = XCBuildConfiguration;
			buildSettings = {
				ASSETCATALOG_COMPILER_APPICON_NAME = AppIcon;
				ASSETCATALOG_COMPILER_GLOBAL_ACCENT_COLOR_NAME = AccentColor;
				CODE_SIGN_STYLE = Automatic;
				CURRENT_PROJECT_VERSION = 1;
				DEVELOPMENT_TEAM = Q4E69GH98L;
				GENERATE_INFOPLIST_FILE = YES;
				INFOPLIST_FILE = ViperSnapKit/Info.plist;
				INFOPLIST_KEY_UIApplicationSupportsIndirectInputEvents = YES;
				INFOPLIST_KEY_UILaunchStoryboardName = LaunchScreen;
				INFOPLIST_KEY_UIMainStoryboardFile = Main;
				INFOPLIST_KEY_UISupportedInterfaceOrientations_iPad = "UIInterfaceOrientationPortrait UIInterfaceOrientationPortraitUpsideDown UIInterfaceOrientationLandscapeLeft UIInterfaceOrientationLandscapeRight";
				INFOPLIST_KEY_UISupportedInterfaceOrientations_iPhone = "UIInterfaceOrientationPortrait UIInterfaceOrientationLandscapeLeft UIInterfaceOrientationLandscapeRight";
				LD_RUNPATH_SEARCH_PATHS = (
					"$(inherited)",
					"@executable_path/Frameworks",
				);
				MARKETING_VERSION = 1.0;
				PRODUCT_BUNDLE_IDENTIFIER = tolga.ViperSnapKit;
				PRODUCT_NAME = "$(TARGET_NAME)";
				SWIFT_EMIT_LOC_STRINGS = YES;
				SWIFT_VERSION = 5.0;
				TARGETED_DEVICE_FAMILY = "1,2";
			};
			name = Release;
		};
		83F77DB127CF832200C564C4 /* Debug */ = {
			isa = XCBuildConfiguration;
			buildSettings = {
				ALWAYS_EMBED_SWIFT_STANDARD_LIBRARIES = YES;
				BUNDLE_LOADER = "$(TEST_HOST)";
				CODE_SIGN_STYLE = Automatic;
				CURRENT_PROJECT_VERSION = 1;
				DEVELOPMENT_TEAM = Q4E69GH98L;
				GENERATE_INFOPLIST_FILE = YES;
				IPHONEOS_DEPLOYMENT_TARGET = 15.0;
				LD_RUNPATH_SEARCH_PATHS = (
					"$(inherited)",
					"@executable_path/Frameworks",
					"@loader_path/Frameworks",
				);
				MARKETING_VERSION = 1.0;
				PRODUCT_BUNDLE_IDENTIFIER = tolga.ViperSnapKitTests;
				PRODUCT_NAME = "$(TARGET_NAME)";
				SWIFT_EMIT_LOC_STRINGS = NO;
				SWIFT_VERSION = 5.0;
				TARGETED_DEVICE_FAMILY = "1,2";
				TEST_HOST = "$(BUILT_PRODUCTS_DIR)/ViperSnapKit.app/ViperSnapKit";
			};
			name = Debug;
		};
		83F77DB227CF832200C564C4 /* Release */ = {
			isa = XCBuildConfiguration;
			buildSettings = {
				ALWAYS_EMBED_SWIFT_STANDARD_LIBRARIES = YES;
				BUNDLE_LOADER = "$(TEST_HOST)";
				CODE_SIGN_STYLE = Automatic;
				CURRENT_PROJECT_VERSION = 1;
				DEVELOPMENT_TEAM = Q4E69GH98L;
				GENERATE_INFOPLIST_FILE = YES;
				IPHONEOS_DEPLOYMENT_TARGET = 15.0;
				LD_RUNPATH_SEARCH_PATHS = (
					"$(inherited)",
					"@executable_path/Frameworks",
					"@loader_path/Frameworks",
				);
				MARKETING_VERSION = 1.0;
				PRODUCT_BUNDLE_IDENTIFIER = tolga.ViperSnapKitTests;
				PRODUCT_NAME = "$(TARGET_NAME)";
				SWIFT_EMIT_LOC_STRINGS = NO;
				SWIFT_VERSION = 5.0;
				TARGETED_DEVICE_FAMILY = "1,2";
				TEST_HOST = "$(BUILT_PRODUCTS_DIR)/ViperSnapKit.app/ViperSnapKit";
			};
			name = Release;
		};
		83F77DB427CF832200C564C4 /* Debug */ = {
			isa = XCBuildConfiguration;
			buildSettings = {
				ALWAYS_EMBED_SWIFT_STANDARD_LIBRARIES = YES;
				CODE_SIGN_STYLE = Automatic;
				CURRENT_PROJECT_VERSION = 1;
				DEVELOPMENT_TEAM = Q4E69GH98L;
				GENERATE_INFOPLIST_FILE = YES;
				LD_RUNPATH_SEARCH_PATHS = (
					"$(inherited)",
					"@executable_path/Frameworks",
					"@loader_path/Frameworks",
				);
				MARKETING_VERSION = 1.0;
				PRODUCT_BUNDLE_IDENTIFIER = tolga.ViperSnapKitUITests;
				PRODUCT_NAME = "$(TARGET_NAME)";
				SWIFT_EMIT_LOC_STRINGS = NO;
				SWIFT_VERSION = 5.0;
				TARGETED_DEVICE_FAMILY = "1,2";
				TEST_TARGET_NAME = ViperSnapKit;
			};
			name = Debug;
		};
		83F77DB527CF832200C564C4 /* Release */ = {
			isa = XCBuildConfiguration;
			buildSettings = {
				ALWAYS_EMBED_SWIFT_STANDARD_LIBRARIES = YES;
				CODE_SIGN_STYLE = Automatic;
				CURRENT_PROJECT_VERSION = 1;
				DEVELOPMENT_TEAM = Q4E69GH98L;
				GENERATE_INFOPLIST_FILE = YES;
				LD_RUNPATH_SEARCH_PATHS = (
					"$(inherited)",
					"@executable_path/Frameworks",
					"@loader_path/Frameworks",
				);
				MARKETING_VERSION = 1.0;
				PRODUCT_BUNDLE_IDENTIFIER = tolga.ViperSnapKitUITests;
				PRODUCT_NAME = "$(TARGET_NAME)";
				SWIFT_EMIT_LOC_STRINGS = NO;
				SWIFT_VERSION = 5.0;
				TARGETED_DEVICE_FAMILY = "1,2";
				TEST_TARGET_NAME = ViperSnapKit;
			};
			name = Release;
		};
/* End XCBuildConfiguration section */

/* Begin XCConfigurationList section */
		83F77D7E27CF831D00C564C4 /* Build configuration list for PBXProject "ViperSnapKit" */ = {
			isa = XCConfigurationList;
			buildConfigurations = (
				83F77DAB27CF832200C564C4 /* Debug */,
				83F77DAC27CF832200C564C4 /* Release */,
			);
			defaultConfigurationIsVisible = 0;
			defaultConfigurationName = Release;
		};
		83F77DAD27CF832200C564C4 /* Build configuration list for PBXNativeTarget "ViperSnapKit" */ = {
			isa = XCConfigurationList;
			buildConfigurations = (
				83F77DAE27CF832200C564C4 /* Debug */,
				83F77DAF27CF832200C564C4 /* Release */,
			);
			defaultConfigurationIsVisible = 0;
			defaultConfigurationName = Release;
		};
		83F77DB027CF832200C564C4 /* Build configuration list for PBXNativeTarget "ViperSnapKitTests" */ = {
			isa = XCConfigurationList;
			buildConfigurations = (
				83F77DB127CF832200C564C4 /* Debug */,
				83F77DB227CF832200C564C4 /* Release */,
			);
			defaultConfigurationIsVisible = 0;
			defaultConfigurationName = Release;
		};
		83F77DB327CF832200C564C4 /* Build configuration list for PBXNativeTarget "ViperSnapKitUITests" */ = {
			isa = XCConfigurationList;
			buildConfigurations = (
				83F77DB427CF832200C564C4 /* Debug */,
				83F77DB527CF832200C564C4 /* Release */,
			);
			defaultConfigurationIsVisible = 0;
			defaultConfigurationName = Release;
		};
/* End XCConfigurationList section */

/* Begin XCRemoteSwiftPackageReference section */
		83F77DC527CF907500C564C4 /* XCRemoteSwiftPackageReference "SnapKit" */ = {
			isa = XCRemoteSwiftPackageReference;
			repositoryURL = "https://github.com/SnapKit/SnapKit.git";
			requirement = {
				kind = upToNextMajorVersion;
				minimumVersion = 5.0.0;
			};
		};
/* End XCRemoteSwiftPackageReference section */

/* Begin XCSwiftPackageProductDependency section */
		83F77DC627CF907500C564C4 /* SnapKit */ = {
			isa = XCSwiftPackageProductDependency;
			package = 83F77DC527CF907500C564C4 /* XCRemoteSwiftPackageReference "SnapKit" */;
			productName = SnapKit;
		};
/* End XCSwiftPackageProductDependency section */
	};
	rootObject = 83F77D7B27CF831D00C564C4 /* Project object */;
}
